// !$*UTF8*$!
{
	archiveVersion = 1;
	classes = {
	};
	objectVersion = 46;
	objects = {

/* Begin PBXBuildFile section */
		2B8B37001F6A72E900D92107 /* main.m in Sources */ = {isa = PBXBuildFile; fileRef = 2B8B36FF1F6A72E900D92107 /* main.m */; };
		2B8B37031F6A72E900D92107 /* AppDelegate.m in Sources */ = {isa = PBXBuildFile; fileRef = 2B8B37021F6A72E900D92107 /* AppDelegate.m */; };
		2B8B37061F6A72E900D92107 /* ViewController.m in Sources */ = {isa = PBXBuildFile; fileRef = 2B8B37051F6A72E900D92107 /* ViewController.m */; };
		2B8B37091F6A72E900D92107 /* Main.storyboard in Resources */ = {isa = PBXBuildFile; fileRef = 2B8B37071F6A72E900D92107 /* Main.storyboard */; };
		2B8B370B1F6A72E900D92107 /* Assets.xcassets in Resources */ = {isa = PBXBuildFile; fileRef = 2B8B370A1F6A72E900D92107 /* Assets.xcassets */; };
		2B8B370E1F6A72E900D92107 /* LaunchScreen.storyboard in Resources */ = {isa = PBXBuildFile; fileRef = 2B8B370C1F6A72E900D92107 /* LaunchScreen.storyboard */; };
		2B8B37191F6A72E900D92107 /* TestSingleClassTests.m in Sources */ = {isa = PBXBuildFile; fileRef = 2B8B37181F6A72E900D92107 /* TestSingleClassTests.m */; };
		2B8B37241F6A72E900D92107 /* TestSingleClassUITests.m in Sources */ = {isa = PBXBuildFile; fileRef = 2B8B37231F6A72E900D92107 /* TestSingleClassUITests.m */; };
		2B8B37331F6A73FF00D92107 /* SingleClass.m in Sources */ = {isa = PBXBuildFile; fileRef = 2B8B37321F6A73FF00D92107 /* SingleClass.m */; };
/* End PBXBuildFile section */

/* Begin PBXContainerItemProxy section */
		2B8B37151F6A72E900D92107 /* PBXContainerItemProxy */ = {
			isa = PBXContainerItemProxy;
			containerPortal = 2B8B36F31F6A72E900D92107 /* Project object */;
			proxyType = 1;
			remoteGlobalIDString = 2B8B36FA1F6A72E900D92107;
			remoteInfo = TestSingleClass;
		};
		2B8B37201F6A72E900D92107 /* PBXContainerItemProxy */ = {
			isa = PBXContainerItemProxy;
			containerPortal = 2B8B36F31F6A72E900D92107 /* Project object */;
			proxyType = 1;
			remoteGlobalIDString = 2B8B36FA1F6A72E900D92107;
			remoteInfo = TestSingleClass;
		};
/* End PBXContainerItemProxy section */

/* Begin PBXFileReference section */
		2B8B36FB1F6A72E900D92107 /* TestSingleClass.app */ = {isa = PBXFileReference; explicitFileType = wrapper.application; includeInIndex = 0; path = TestSingleClass.app; sourceTree = BUILT_PRODUCTS_DIR; };
		2B8B36FF1F6A72E900D92107 /* main.m */ = {isa = PBXFileReference; lastKnownFileType = sourcecode.c.objc; path = main.m; sourceTree = "<group>"; };
		2B8B37011F6A72E900D92107 /* AppDelegate.h */ = {isa = PBXFileReference; lastKnownFileType = sourcecode.c.h; path = AppDelegate.h; sourceTree = "<group>"; };
		2B8B37021F6A72E900D92107 /* AppDelegate.m */ = {isa = PBXFileReference; lastKnownFileType = sourcecode.c.objc; path = AppDelegate.m; sourceTree = "<group>"; };
		2B8B37041F6A72E900D92107 /* ViewController.h */ = {isa = PBXFileReference; lastKnownFileType = sourcecode.c.h; path = ViewController.h; sourceTree = "<group>"; };
		2B8B37051F6A72E900D92107 /* ViewController.m */ = {isa = PBXFileReference; lastKnownFileType = sourcecode.c.objc; path = ViewController.m; sourceTree = "<group>"; };
		2B8B37081F6A72E900D92107 /* Base */ = {isa = PBXFileReference; lastKnownFileType = file.storyboard; name = Base; path = Base.lproj/Main.storyboard; sourceTree = "<group>"; };
		2B8B370A1F6A72E900D92107 /* Assets.xcassets */ = {isa = PBXFileReference; lastKnownFileType = folder.assetcatalog; path = Assets.xcassets; sourceTree = "<group>"; };
		2B8B370D1F6A72E900D92107 /* Base */ = {isa = PBXFileReference; lastKnownFileType = file.storyboard; name = Base; path = Base.lproj/LaunchScreen.storyboard; sourceTree = "<group>"; };
		2B8B370F1F6A72E900D92107 /* Info.plist */ = {isa = PBXFileReference; lastKnownFileType = text.plist.xml; path = Info.plist; sourceTree = "<group>"; };
		2B8B37141F6A72E900D92107 /* TestSingleClassTests.xctest */ = {isa = PBXFileReference; explicitFileType = wrapper.cfbundle; includeInIndex = 0; path = TestSingleClassTests.xctest; sourceTree = BUILT_PRODUCTS_DIR; };
		2B8B37181F6A72E900D92107 /* TestSingleClassTests.m */ = {isa = PBXFileReference; lastKnownFileType = sourcecode.c.objc; path = TestSingleClassTests.m; sourceTree = "<group>"; };
		2B8B371A1F6A72E900D92107 /* Info.plist */ = {isa = PBXFileReference; lastKnownFileType = text.plist.xml; path = Info.plist; sourceTree = "<group>"; };
		2B8B371F1F6A72E900D92107 /* TestSingleClassUITests.xctest */ = {isa = PBXFileReference; explicitFileType = wrapper.cfbundle; includeInIndex = 0; path = TestSingleClassUITests.xctest; sourceTree = BUILT_PRODUCTS_DIR; };
		2B8B37231F6A72E900D92107 /* TestSingleClassUITests.m */ = {isa = PBXFileReference; lastKnownFileType = sourcecode.c.objc; path = TestSingleClassUITests.m; sourceTree = "<group>"; };
		2B8B37251F6A72E900D92107 /* Info.plist */ = {isa = PBXFileReference; lastKnownFileType = text.plist.xml; path = Info.plist; sourceTree = "<group>"; };
		2B8B37311F6A73FF00D92107 /* SingleClass.h */ = {isa = PBXFileReference; fileEncoding = 4; lastKnownFileType = sourcecode.c.h; path = SingleClass.h; sourceTree = "<group>"; };
		2B8B37321F6A73FF00D92107 /* SingleClass.m */ = {isa = PBXFileReference; fileEncoding = 4; lastKnownFileType = sourcecode.c.objc; path = SingleClass.m; sourceTree = "<group>"; };
/* End PBXFileReference section */

/* Begin PBXFrameworksBuildPhase section */
		2B8B36F81F6A72E900D92107 /* Frameworks */ = {
			isa = PBXFrameworksBuildPhase;
			buildActionMask = 2147483647;
			files = (
			);
			runOnlyForDeploymentPostprocessing = 0;
		};
		2B8B37111F6A72E900D92107 /* Frameworks */ = {
			isa = PBXFrameworksBuildPhase;
			buildActionMask = 2147483647;
			files = (
			);
			runOnlyForDeploymentPostprocessing = 0;
		};
		2B8B371C1F6A72E900D92107 /* Frameworks */ = {
			isa = PBXFrameworksBuildPhase;
			buildActionMask = 2147483647;
			files = (
			);
			runOnlyForDeploymentPostprocessing = 0;
		};
/* End PBXFrameworksBuildPhase section */

/* Begin PBXGroup section */
		2B8B36F21F6A72E900D92107 = {
			isa = PBXGroup;
			children = (
				2B8B36FD1F6A72E900D92107 /* TestSingleClass */,
				2B8B37171F6A72E900D92107 /* TestSingleClassTests */,
				2B8B37221F6A72E900D92107 /* TestSingleClassUITests */,
				2B8B36FC1F6A72E900D92107 /* Products */,
			);
			sourceTree = "<group>";
		};
		2B8B36FC1F6A72E900D92107 /* Products */ = {
			isa = PBXGroup;
			children = (
				2B8B36FB1F6A72E900D92107 /* TestSingleClass.app */,
				2B8B37141F6A72E900D92107 /* TestSingleClassTests.xctest */,
				2B8B371F1F6A72E900D92107 /* TestSingleClassUITests.xctest */,
			);
			name = Products;
			sourceTree = "<group>";
		};
		2B8B36FD1F6A72E900D92107 /* TestSingleClass */ = {
			isa = PBXGroup;
			children = (
				2B8B37011F6A72E900D92107 /* AppDelegate.h */,
				2B8B37021F6A72E900D92107 /* AppDelegate.m */,
				2B8B37041F6A72E900D92107 /* ViewController.h */,
				2B8B37051F6A72E900D92107 /* ViewController.m */,
				2B8B37311F6A73FF00D92107 /* SingleClass.h */,
				2B8B37321F6A73FF00D92107 /* SingleClass.m */,
				2B8B37071F6A72E900D92107 /* Main.storyboard */,
				2B8B370A1F6A72E900D92107 /* Assets.xcassets */,
				2B8B370C1F6A72E900D92107 /* LaunchScreen.storyboard */,
				2B8B370F1F6A72E900D92107 /* Info.plist */,
				2B8B36FE1F6A72E900D92107 /* Supporting Files */,
			);
			path = TestSingleClass;
			sourceTree = "<group>";
		};
		2B8B36FE1F6A72E900D92107 /* Supporting Files */ = {
			isa = PBXGroup;
			children = (
				2B8B36FF1F6A72E900D92107 /* main.m */,
			);
			name = "Supporting Files";
			sourceTree = "<group>";
		};
		2B8B37171F6A72E900D92107 /* TestSingleClassTests */ = {
			isa = PBXGroup;
			children = (
				2B8B37181F6A72E900D92107 /* TestSingleClassTests.m */,
				2B8B371A1F6A72E900D92107 /* Info.plist */,
			);
			path = TestSingleClassTests;
			sourceTree = "<group>";
		};
		2B8B37221F6A72E900D92107 /* TestSingleClassUITests */ = {
			isa = PBXGroup;
			children = (
				2B8B37231F6A72E900D92107 /* TestSingleClassUITests.m */,
				2B8B37251F6A72E900D92107 /* Info.plist */,
			);
			path = TestSingleClassUITests;
			sourceTree = "<group>";
		};
/* End PBXGroup section */

/* Begin PBXNativeTarget section */
		2B8B36FA1F6A72E900D92107 /* TestSingleClass */ = {
			isa = PBXNativeTarget;
			buildConfigurationList = 2B8B37281F6A72E900D92107 /* Build configuration list for PBXNativeTarget "TestSingleClass" */;
			buildPhases = (
				2B8B36F71F6A72E900D92107 /* Sources */,
				2B8B36F81F6A72E900D92107 /* Frameworks */,
				2B8B36F91F6A72E900D92107 /* Resources */,
			);
			buildRules = (
			);
			dependencies = (
			);
			name = TestSingleClass;
			productName = TestSingleClass;
			productReference = 2B8B36FB1F6A72E900D92107 /* TestSingleClass.app */;
			productType = "com.apple.product-type.application";
		};
		2B8B37131F6A72E900D92107 /* TestSingleClassTests */ = {
			isa = PBXNativeTarget;
			buildConfigurationList = 2B8B372B1F6A72E900D92107 /* Build configuration list for PBXNativeTarget "TestSingleClassTests" */;
			buildPhases = (
				2B8B37101F6A72E900D92107 /* Sources */,
				2B8B37111F6A72E900D92107 /* Frameworks */,
				2B8B37121F6A72E900D92107 /* Resources */,
			);
			buildRules = (
			);
			dependencies = (
				2B8B37161F6A72E900D92107 /* PBXTargetDependency */,
			);
			name = TestSingleClassTests;
			productName = TestSingleClassTests;
			productReference = 2B8B37141F6A72E900D92107 /* TestSingleClassTests.xctest */;
			productType = "com.apple.product-type.bundle.unit-test";
		};
		2B8B371E1F6A72E900D92107 /* TestSingleClassUITests */ = {
			isa = PBXNativeTarget;
			buildConfigurationList = 2B8B372E1F6A72E900D92107 /* Build configuration list for PBXNativeTarget "TestSingleClassUITests" */;
			buildPhases = (
				2B8B371B1F6A72E900D92107 /* Sources */,
				2B8B371C1F6A72E900D92107 /* Frameworks */,
				2B8B371D1F6A72E900D92107 /* Resources */,
			);
			buildRules = (
			);
			dependencies = (
				2B8B37211F6A72E900D92107 /* PBXTargetDependency */,
			);
			name = TestSingleClassUITests;
			productName = TestSingleClassUITests;
			productReference = 2B8B371F1F6A72E900D92107 /* TestSingleClassUITests.xctest */;
			productType = "com.apple.product-type.bundle.ui-testing";
		};
/* End PBXNativeTarget section */

/* Begin PBXProject section */
		2B8B36F31F6A72E900D92107 /* Project object */ = {
			isa = PBXProject;
			attributes = {
				LastUpgradeCheck = 0830;
				ORGANIZATIONNAME = FQL;
				TargetAttributes = {
					2B8B36FA1F6A72E900D92107 = {
						CreatedOnToolsVersion = 8.3.2;
						DevelopmentTeam = FUTX5SW86N;
						ProvisioningStyle = Automatic;
					};
					2B8B37131F6A72E900D92107 = {
						CreatedOnToolsVersion = 8.3.2;
						DevelopmentTeam = FUTX5SW86N;
						ProvisioningStyle = Automatic;
						TestTargetID = 2B8B36FA1F6A72E900D92107;
					};
					2B8B371E1F6A72E900D92107 = {
						CreatedOnToolsVersion = 8.3.2;
						DevelopmentTeam = FUTX5SW86N;
						ProvisioningStyle = Automatic;
						TestTargetID = 2B8B36FA1F6A72E900D92107;
					};
				};
			};
			buildConfigurationList = 2B8B36F61F6A72E900D92107 /* Build configuration list for PBXProject "TestSingleClass" */;
			compatibilityVersion = "Xcode 3.2";
			developmentRegion = English;
			hasScannedForEncodings = 0;
			knownRegions = (
				en,
				Base,
			);
			mainGroup = 2B8B36F21F6A72E900D92107;
			productRefGroup = 2B8B36FC1F6A72E900D92107 /* Products */;
			projectDirPath = "";
			projectRoot = "";
			targets = (
				2B8B36FA1F6A72E900D92107 /* TestSingleClass */,
				2B8B37131F6A72E900D92107 /* TestSingleClassTests */,
				2B8B371E1F6A72E900D92107 /* TestSingleClassUITests */,
			);
		};
/* End PBXProject section */

/* Begin PBXResourcesBuildPhase section */
		2B8B36F91F6A72E900D92107 /* Resources */ = {
			isa = PBXResourcesBuildPhase;
			buildActionMask = 2147483647;
			files = (
				2B8B370E1F6A72E900D92107 /* LaunchScreen.storyboard in Resources */,
				2B8B370B1F6A72E900D92107 /* Assets.xcassets in Resources */,
				2B8B37091F6A72E900D92107 /* Main.storyboard in Resources */,
			);
			runOnlyForDeploymentPostprocessing = 0;
		};
		2B8B37121F6A72E900D92107 /* Resources */ = {
			isa = PBXResourcesBuildPhase;
			buildActionMask = 2147483647;
			files = (
			);
			runOnlyForDeploymentPostprocessing = 0;
		};
		2B8B371D1F6A72E900D92107 /* Resources */ = {
			isa = PBXResourcesBuildPhase;
			buildActionMask = 2147483647;
			files = (
			);
			runOnlyForDeploymentPostprocessing = 0;
		};
/* End PBXResourcesBuildPhase section */

/* Begin PBXSourcesBuildPhase section */
		2B8B36F71F6A72E900D92107 /* Sources */ = {
			isa = PBXSourcesBuildPhase;
			buildActionMask = 2147483647;
			files = (
				2B8B37331F6A73FF00D92107 /* SingleClass.m in Sources */,
				2B8B37061F6A72E900D92107 /* ViewController.m in Sources */,
				2B8B37031F6A72E900D92107 /* AppDelegate.m in Sources */,
				2B8B37001F6A72E900D92107 /* main.m in Sources */,
			);
			runOnlyForDeploymentPostprocessing = 0;
		};
		2B8B37101F6A72E900D92107 /* Sources */ = {
			isa = PBXSourcesBuildPhase;
			buildActionMask = 2147483647;
			files = (
				2B8B37191F6A72E900D92107 /* TestSingleClassTests.m in Sources */,
			);
			runOnlyForDeploymentPostprocessing = 0;
		};
		2B8B371B1F6A72E900D92107 /* Sources */ = {
			isa = PBXSourcesBuildPhase;
			buildActionMask = 2147483647;
			files = (
				2B8B37241F6A72E900D92107 /* TestSingleClassUITests.m in Sources */,
			);
			runOnlyForDeploymentPostprocessing = 0;
		};
/* End PBXSourcesBuildPhase section */

/* Begin PBXTargetDependency section */
		2B8B37161F6A72E900D92107 /* PBXTargetDependency */ = {
			isa = PBXTargetDependency;
			target = 2B8B36FA1F6A72E900D92107 /* TestSingleClass */;
			targetProxy = 2B8B37151F6A72E900D92107 /* PBXContainerItemProxy */;
		};
		2B8B37211F6A72E900D92107 /* PBXTargetDependency */ = {
			isa = PBXTargetDependency;
			target = 2B8B36FA1F6A72E900D92107 /* TestSingleClass */;
			targetProxy = 2B8B37201F6A72E900D92107 /* PBXContainerItemProxy */;
		};
/* End PBXTargetDependency section */

/* Begin PBXVariantGroup section */
		2B8B37071F6A72E900D92107 /* Main.storyboard */ = {
			isa = PBXVariantGroup;
			children = (
				2B8B37081F6A72E900D92107 /* Base */,
			);
			name = Main.storyboard;
			sourceTree = "<group>";
		};
		2B8B370C1F6A72E900D92107 /* LaunchScreen.storyboard */ = {
			isa = PBXVariantGroup;
			children = (
				2B8B370D1F6A72E900D92107 /* Base */,
			);
			name = LaunchScreen.storyboard;
			sourceTree = "<group>";
		};
/* End PBXVariantGroup section */

/* Begin XCBuildConfiguration section */
		2B8B37261F6A72E900D92107 /* Debug */ = {
			isa = XCBuildConfiguration;
			buildSettings = {
				ALWAYS_SEARCH_USER_PATHS = NO;
				CLANG_ANALYZER_NONNULL = YES;
				CLANG_ANALYZER_NUMBER_OBJECT_CONVERSION = YES_AGGRESSIVE;
				CLANG_CXX_LANGUAGE_STANDARD = "gnu++0x";
				CLANG_CXX_LIBRARY = "libc++";
				CLANG_ENABLE_MODULES = YES;
				CLANG_ENABLE_OBJC_ARC = YES;
				CLANG_WARN_BOOL_CONVERSION = YES;
				CLANG_WARN_CONSTANT_CONVERSION = YES;
				CLANG_WARN_DIRECT_OBJC_ISA_USAGE = YES_ERROR;
				CLANG_WARN_DOCUMENTATION_COMMENTS = YES;
				CLANG_WARN_EMPTY_BODY = YES;
				CLANG_WARN_ENUM_CONVERSION = YES;
				CLANG_WARN_INFINITE_RECURSION = YES;
				CLANG_WARN_INT_CONVERSION = YES;
				CLANG_WARN_OBJC_ROOT_CLASS = YES_ERROR;
				CLANG_WARN_SUSPICIOUS_MOVE = YES;
				CLANG_WARN_UNREACHABLE_CODE = YES;
				CLANG_WARN__DUPLICATE_METHOD_MATCH = YES;
				"CODE_SIGN_IDENTITY[sdk=iphoneos*]" = "iPhone Developer";
				COPY_PHASE_STRIP = NO;
				DEBUG_INFORMATION_FORMAT = dwarf;
				ENABLE_STRICT_OBJC_MSGSEND = YES;
				ENABLE_TESTABILITY = YES;
				GCC_C_LANGUAGE_STANDARD = gnu99;
				GCC_DYNAMIC_NO_PIC = NO;
				GCC_NO_COMMON_BLOCKS = YES;
				GCC_OPTIMIZATION_LEVEL = 0;
				GCC_PREPROCESSOR_DEFINITIONS = (
					"DEBUG=1",
					"$(inherited)",
				);
				GCC_WARN_64_TO_32_BIT_CONVERSION = YES;
				GCC_WARN_ABOUT_RETURN_TYPE = YES_ERROR;
				GCC_WARN_UNDECLARED_SELECTOR = YES;
				GCC_WARN_UNINITIALIZED_AUTOS = YES_AGGRESSIVE;
				GCC_WARN_UNUSED_FUNCTION = YES;
				GCC_WARN_UNUSED_VARIABLE = YES;
				IPHONEOS_DEPLOYMENT_TARGET = 10.3;
				MTL_ENABLE_DEBUG_INFO = YES;
				ONLY_ACTIVE_ARCH = YES;
				SDKROOT = iphoneos;
				TARGETED_DEVICE_FAMILY = "1,2";
			};
			name = Debug;
		};
		2B8B37271F6A72E900D92107 /* Release */ = {
			isa = XCBuildConfiguration;
			buildSettings = {
				ALWAYS_SEARCH_USER_PATHS = NO;
				CLANG_ANALYZER_NONNULL = YES;
				CLANG_ANALYZER_NUMBER_OBJECT_CONVERSION = YES_AGGRESSIVE;
				CLANG_CXX_LANGUAGE_STANDARD = "gnu++0x";
				CLANG_CXX_LIBRARY = "libc++";
				CLANG_ENABLE_MODULES = YES;
				CLANG_ENABLE_OBJC_ARC = YES;
				CLANG_WARN_BOOL_CONVERSION = YES;
				CLANG_WARN_CONSTANT_CONVERSION = YES;
				CLANG_WARN_DIRECT_OBJC_ISA_USAGE = YES_ERROR;
				CLANG_WARN_DOCUMENTATION_COMMENTS = YES;
				CLANG_WARN_EMPTY_BODY = YES;
				CLANG_WARN_ENUM_CONVERSION = YES;
				CLANG_WARN_INFINITE_RECURSION = YES;
				CLANG_WARN_INT_CONVERSION = YES;
				CLANG_WARN_OBJC_ROOT_CLASS = YES_ERROR;
				CLANG_WARN_SUSPICIOUS_MOVE = YES;
				CLANG_WARN_UNREACHABLE_CODE = YES;
				CLANG_WARN__DUPLICATE_METHOD_MATCH = YES;
				"CODE_SIGN_IDENTITY[sdk=iphoneos*]" = "iPhone Developer";
				COPY_PHASE_STRIP = NO;
				DEBUG_INFORMATION_FORMAT = "dwarf-with-dsym";
				ENABLE_NS_ASSERTIONS = NO;
				ENABLE_STRICT_OBJC_MSGSEND = YES;
				GCC_C_LANGUAGE_STANDARD = gnu99;
				GCC_NO_COMMON_BLOCKS = YES;
				GCC_WARN_64_TO_32_BIT_CONVERSION = YES;
				GCC_WARN_ABOUT_RETURN_TYPE = YES_ERROR;
				GCC_WARN_UNDECLARED_SELECTOR = YES;
				GCC_WARN_UNINITIALIZED_AUTOS = YES_AGGRESSIVE;
				GCC_WARN_UNUSED_FUNCTION = YES;
				GCC_WARN_UNUSED_VARIABLE = YES;
				IPHONEOS_DEPLOYMENT_TARGET = 10.3;
				MTL_ENABLE_DEBUG_INFO = NO;
				SDKROOT = iphoneos;
				TARGETED_DEVICE_FAMILY = "1,2";
				VALIDATE_PRODUCT = YES;
			};
			name = Release;
		};
		2B8B37291F6A72E900D92107 /* Debug */ = {
			isa = XCBuildConfiguration;
			buildSettings = {
				ASSETCATALOG_COMPILER_APPICON_NAME = AppIcon;
				DEVELOPMENT_TEAM = FUTX5SW86N;
				INFOPLIST_FILE = TestSingleClass/Info.plist;
				LD_RUNPATH_SEARCH_PATHS = "$(inherited) @executable_path/Frameworks";
				PRODUCT_BUNDLE_IDENTIFIER = Eddie.TestSingleClass;
				PRODUCT_NAME = "$(TARGET_NAME)";
			};
			name = Debug;
		};
		2B8B372A1F6A72E900D92107 /* Release */ = {
			isa = XCBuildConfiguration;
			buildSettings = {
				ASSETCATALOG_COMPILER_APPICON_NAME = AppIcon;
				DEVELOPMENT_TEAM = FUTX5SW86N;
				INFOPLIST_FILE = TestSingleClass/Info.plist;
				LD_RUNPATH_SEARCH_PATHS = "$(inherited) @executable_path/Frameworks";
				PRODUCT_BUNDLE_IDENTIFIER = Eddie.TestSingleClass;
				PRODUCT_NAME = "$(TARGET_NAME)";
			};
			name = Release;
		};
		2B8B372C1F6A72E900D92107 /* Debug */ = {
			isa = XCBuildConfiguration;
			buildSettings = {
				BUNDLE_LOADER = "$(TEST_HOST)";
				DEVELOPMENT_TEAM = FUTX5SW86N;
				INFOPLIST_FILE = TestSingleClassTests/Info.plist;
				LD_RUNPATH_SEARCH_PATHS = "$(inherited) @executable_path/Frameworks @loader_path/Frameworks";
				PRODUCT_BUNDLE_IDENTIFIER = Eddie.TestSingleClassTests;
				PRODUCT_NAME = "$(TARGET_NAME)";
				TEST_HOST = "$(BUILT_PRODUCTS_DIR)/TestSingleClass.app/TestSingleClass";
			};
			name = Debug;
		};
		2B8B372D1F6A72E900D92107 /* Release */ = {
			isa = XCBuildConfiguration;
			buildSettings = {
				BUNDLE_LOADER = "$(TEST_HOST)";
				DEVELOPMENT_TEAM = FUTX5SW86N;
				INFOPLIST_FILE = TestSingleClassTests/Info.plist;
				LD_RUNPATH_SEARCH_PATHS = "$(inherited) @executable_path/Frameworks @loader_path/Frameworks";
				PRODUCT_BUNDLE_IDENTIFIER = Eddie.TestSingleClassTests;
				PRODUCT_NAME = "$(TARGET_NAME)";
				TEST_HOST = "$(BUILT_PRODUCTS_DIR)/TestSingleClass.app/TestSingleClass";
			};
			name = Release;
		};
		2B8B372F1F6A72E900D92107 /* Debug */ = {
			isa = XCBuildConfiguration;
			buildSettings = {
				DEVELOPMENT_TEAM = FUTX5SW86N;
				INFOPLIST_FILE = TestSingleClassUITests/Info.plist;
				LD_RUNPATH_SEARCH_PATHS = "$(inherited) @executable_path/Frameworks @loader_path/Frameworks";
				PRODUCT_BUNDLE_IDENTIFIER = Eddie.TestSingleClassUITests;
				PRODUCT_NAME = "$(TARGET_NAME)";
				TEST_TARGET_NAME = TestSingleClass;
			};
			name = Debug;
		};
		2B8B37301F6A72E900D92107 /* Release */ = {
			isa = XCBuildConfiguration;
			buildSettings = {
				DEVELOPMENT_TEAM = FUTX5SW86N;
				INFOPLIST_FILE = TestSingleClassUITests/Info.plist;
				LD_RUNPATH_SEARCH_PATHS = "$(inherited) @executable_path/Frameworks @loader_path/Frameworks";
				PRODUCT_BUNDLE_IDENTIFIER = Eddie.TestSingleClassUITests;
				PRODUCT_NAME = "$(TARGET_NAME)";
				TEST_TARGET_NAME = TestSingleClass;
			};
			name = Release;
		};
/* End XCBuildConfiguration section */

/* Begin XCConfigurationList section */
		2B8B36F61F6A72E900D92107 /* Build configuration list for PBXProject "TestSingleClass" */ = {
			isa = XCConfigurationList;
			buildConfigurations = (
				2B8B37261F6A72E900D92107 /* Debug */,
				2B8B37271F6A72E900D92107 /* Release */,
			);
			defaultConfigurationIsVisible = 0;
			defaultConfigurationName = Release;
		};
		2B8B37281F6A72E900D92107 /* Build configuration list for PBXNativeTarget "TestSingleClass" */ = {
			isa = XCConfigurationList;
			buildConfigurations = (
				2B8B37291F6A72E900D92107 /* Debug */,
				2B8B372A1F6A72E900D92107 /* Release */,
			);
			defaultConfigurationIsVisible = 0;
		};
		2B8B372B1F6A72E900D92107 /* Build configuration list for PBXNativeTarget "TestSingleClassTests" */ = {
			isa = XCConfigurationList;
			buildConfigurations = (
				2B8B372C1F6A72E900D92107 /* Debug */,
				2B8B372D1F6A72E900D92107 /* Release */,
			);
			defaultConfigurationIsVisible = 0;
		};
		2B8B372E1F6A72E900D92107 /* Build configuration list for PBXNativeTarget "TestSingleClassUITests" */ = {
			isa = XCConfigurationList;
			buildConfigurations = (
				2B8B372F1F6A72E900D92107 /* Debug */,
				2B8B37301F6A72E900D92107 /* Release */,
			);
			defaultConfigurationIsVisible = 0;
		};
/* End XCConfigurationList section */
	};
	rootObject = 2B8B36F31F6A72E900D92107 /* Project object */;
}
